
Microsoft Visual Studio Solution File, Format Version 11.00
# Visual Studio 2010
Project("{FAE04EC0-301F-11D3-BF4B-00C04F79EFBC}") = "Dont Let Go", "Assembly-CSharp-firstpass.csproj", "{34A8ABF2-5809-B8F5-9687-3F7DAD419102}"
EndProject
Project("{FAE04EC0-301F-11D3-BF4B-00C04F79EFBC}") = "Dont Let Go", "Assembly-CSharp.csproj", "{5F965BEC-CA72-E848-31E3-58D5C3723F5B}"
EndProject
Project("{FAE04EC0-301F-11D3-BF4B-00C04F79EFBC}") = "Dont Let Go", "Assembly-CSharp-Editor.csproj", "{6FA677C3-56D0-CB0E-E517-E336C36E688A}"
EndProject
Project("{FAE04EC0-301F-11D3-BF4B-00C04F79EFBC}") = "Dont Let Go", "Assembly-CSharp-Editor-firstpass.csproj", "{F8996E47-602E-23A5-FCAA-DF333A305597}"
EndProject
Global
	GlobalSection(SolutionConfigurationPlatforms) = preSolution
		Debug|Any CPU = Debug|Any CPU
		Release|Any CPU = Release|Any CPU
	EndGlobalSection
	GlobalSection(ProjectConfigurationPlatforms) = postSolution
		{34A8ABF2-5809-B8F5-9687-3F7DAD419102}.Debug|Any CPU.ActiveCfg = Debug|Any CPU
		{34A8ABF2-5809-B8F5-9687-3F7DAD419102}.Debug|Any CPU.Build.0 = Debug|Any CPU
		{34A8ABF2-5809-B8F5-9687-3F7DAD419102}.Release|Any CPU.ActiveCfg = Release|Any CPU
		{34A8ABF2-5809-B8F5-9687-3F7DAD419102}.Release|Any CPU.Build.0 = Release|Any CPU
		{5F965BEC-CA72-E848-31E3-58D5C3723F5B}.Debug|Any CPU.ActiveCfg = Debug|Any CPU
		{5F965BEC-CA72-E848-31E3-58D5C3723F5B}.Debug|Any CPU.Build.0 = Debug|Any CPU
		{5F965BEC-CA72-E848-31E3-58D5C3723F5B}.Release|Any CPU.ActiveCfg = Release|Any CPU
		{5F965BEC-CA72-E848-31E3-58D5C3723F5B}.Release|Any CPU.Build.0 = Release|Any CPU
		{6FA677C3-56D0-CB0E-E517-E336C36E688A}.Debug|Any CPU.ActiveCfg = Debug|Any CPU
		{6FA677C3-56D0-CB0E-E517-E336C36E688A}.Debug|Any CPU.Build.0 = Debug|Any CPU
		{6FA677C3-56D0-CB0E-E517-E336C36E688A}.Release|Any CPU.ActiveCfg = Release|Any CPU
		{6FA677C3-56D0-CB0E-E517-E336C36E688A}.Release|Any CPU.Build.0 = Release|Any CPU
		{F8996E47-602E-23A5-FCAA-DF333A305597}.Debug|Any CPU.ActiveCfg = Debug|Any CPU
		{F8996E47-602E-23A5-FCAA-DF333A305597}.Debug|Any CPU.Build.0 = Debug|Any CPU
		{F8996E47-602E-23A5-FCAA-DF333A305597}.Release|Any CPU.ActiveCfg = Release|Any CPU
		{F8996E47-602E-23A5-FCAA-DF333A305597}.Release|Any CPU.Build.0 = Release|Any CPU
	EndGlobalSection
	GlobalSection(SolutionProperties) = preSolution
		HideSolutionNode = FALSE
	EndGlobalSection
	GlobalSection(MonoDevelopProperties) = preSolution
		StartupItem = Assembly-CSharp.csproj
	EndGlobalSection
EndGlobal
